# THIS IS AN AUTOGENERATED FILE. DO NOT EDIT THIS FILE DIRECTLY.
# yarn lockfile v1


command-exists@1.2.6:
  version "1.2.6"
  resolved "https://registry.yarnpkg.com/command-exists/-/command-exists-1.2.6.tgz#577f8e5feb0cb0f159cd557a51a9be1bdd76e09e"
  integrity sha512-Qst/zUUNmS/z3WziPxyqjrcz09pm+2Knbs5mAZL4VAE0sSrNY1/w8+/YxeHcoBTsO6iojA6BW7eFf27Eg2MRuw==

commander@^2.11.0:
  version "2.19.0"
  resolved "https://registry.yarnpkg.com/commander/-/commander-2.19.0.tgz#f6198aa84e5b83c46054b94ddedbfed5ee9ff12a"
  integrity sha512-6tvAOO+D6OENvRAh524Dh9jcfKTYDQAqvqezbCW82xj5X0pSrcpxtvRKHLG0yBY6SD7PSDrJaj+0AiOcKVd1Xg==

crypto-random-string@^1.0.0:
  version "1.0.0"
  resolved "https://registry.yarnpkg.com/crypto-random-string/-/crypto-random-string-1.0.0.tgz#a230f64f568310e1498009940790ec99545bca7e"
  integrity sha1-ojD2T1aDEOFJgAmUB5DsmVRbyn4=

fs-extra@^7.0.0:
  version "7.0.1"
  resolved "https://registry.yarnpkg.com/fs-extra/-/fs-extra-7.0.1.tgz#4f189c44aa123b895f722804f55ea23eadc348e9"
  integrity sha512-YJDaCJZEnBmcbw13fvdAM9AwNOJwOzrE4pqMqBq5nFiEqXUqHwlK4B+3pUw6JNvfSPtX05xFHtYy/1ni01eGCw==
  dependencies:
    graceful-fs "^4.1.2"
    jsonfile "^4.0.0"
    universalify "^0.1.0"

graceful-fs@^4.1.2, graceful-fs@^4.1.6:
  version "4.1.15"
  resolved "https://registry.yarnpkg.com/graceful-fs/-/graceful-fs-4.1.15.tgz#ffb703e1066e8a0eeaa4c8b80ba9253eeefbfb00"
  integrity sha512-6uHUhOPEBgQ24HM+r6b/QwWfZq+yiFcipKFrOFiBEnWdy5sdzYoi+pJeQaPI5qOLRFqWmAXUPQNsielzdLoecA==

jsonfile@^4.0.0:
  version "4.0.0"
  resolved "https://registry.yarnpkg.com/jsonfile/-/jsonfile-4.0.0.tgz#8771aae0799b64076b76640fca058f9c10e33ecb"
  integrity sha1-h3Gq4HmbZAdrdmQPygWPnBDjPss=
  optionalDependencies:
    graceful-fs "^4.1.6"

p-debounce@^1.0.0:
  version "1.0.0"
  resolved "https://registry.yarnpkg.com/p-debounce/-/p-debounce-1.0.0.tgz#cb7f2cbeefd87a09eba861e112b67527e621e2fd"
  integrity sha1-y38svu/YegnrqGHhErZ1J+Yh4v0=

temp-dir@^1.0.0:
  version "1.0.0"
  resolved "https://registry.yarnpkg.com/temp-dir/-/temp-dir-1.0.0.tgz#0a7c0ea26d3a39afa7e0ebea9c1fc0bc4daa011d"
  integrity sha1-CnwOom06Oa+n4OvqnB/AvE2qAR0=

tempy@^0.2.1:
  version "0.2.1"
  resolved "https://registry.yarnpkg.com/tempy/-/tempy-0.2.1.tgz#9038e4dbd1c201b74472214179bc2c6f7776e54c"
  integrity sha512-LB83o9bfZGrntdqPuRdanIVCPReam9SOZKW0fOy5I9X3A854GGWi0tjCqoXEk84XIEYBc/x9Hq3EFop/H5wJaw==
  dependencies:
    temp-dir "^1.0.0"
    unique-string "^1.0.0"

typescript-language-server@^0.4.0:
  version "0.4.0"
  resolved "https://registry.yarnpkg.com/typescript-language-server/-/typescript-language-server-0.4.0.tgz#9b4aee8e001a69fcd152459a6cc1a08283db9193"
  integrity sha512-K8jNOmDFn+QfrCh8ujby2pGDs5rpjYZQn+zvQnf42rxG4IHbfw5CHoMvbGkWPK/J5Gw8/l5K3i03kVZC2IBElg==
  dependencies:
    command-exists "1.2.6"
    commander "^2.11.0"
    fs-extra "^7.0.0"
    p-debounce "^1.0.0"
    tempy "^0.2.1"
    vscode-languageserver "^5.3.0-next"
    vscode-uri "^1.0.5"

typescript@^3.6.2:
  version "3.6.2"
  resolved "https://registry.yarnpkg.com/typescript/-/typescript-3.6.2.tgz#105b0f1934119dde543ac8eb71af3a91009efe54"
  integrity sha512-lmQ4L+J6mnu3xweP8+rOrUwzmN+MRAj7TgtJtDaXE5PMyX2kCrklhg3rvOsOIfNeAWMQWO2F1GPc1kMD2vLAfw==

unique-string@^1.0.0:
  version "1.0.0"
  resolved "https://registry.yarnpkg.com/unique-string/-/unique-string-1.0.0.tgz#9e1057cca851abb93398f8b33ae187b99caec11a"
  integrity sha1-nhBXzKhRq7kzmPizOuGHuZyuwRo=
  dependencies:
    crypto-random-string "^1.0.0"

universalify@^0.1.0:
  version "0.1.2"
  resolved "https://registry.yarnpkg.com/universalify/-/universalify-0.1.2.tgz#b646f69be3942dabcecc9d6639c80dc105efaa66"
  integrity sha512-rBJeI5CXAlmy1pV+617WB9J63U6XcazHHF2f2dbJix4XzpUF0RS3Zbj0FGIOCAva5P/d/GBOYaACQ1w+0azUkg==

vscode-jsonrpc@^4.1.0-next.3:
  version "4.1.0-next.3"
  resolved "https://registry.yarnpkg.com/vscode-jsonrpc/-/vscode-jsonrpc-4.1.0-next.3.tgz#05fe742959a2726020d4d0bfbc3d3c97873c7fde"
  integrity sha512-Z6oxBiMks2+UADV1QHXVooSakjyhI+eHTnXzDyVvVMmegvSfkXk2w6mPEdSkaNHFBdtWW7n20H1yw2nA3A17mg==

vscode-languageserver-protocol@^3.15.0-next.8:
  version "3.15.0-next.8"
  resolved "https://registry.yarnpkg.com/vscode-languageserver-protocol/-/vscode-languageserver-protocol-3.15.0-next.8.tgz#5e3cc0ae143fe3364820249e32f6019ce974fa9e"
  integrity sha512-9FigDhuYTUqX73IGKgJeyLmfXQJv9p3t22RF3peT+HM33uFiTZE3MUgHj4I9m/dKCDvuJt0yvbI27ut4hDoGRQ==
  dependencies:
    vscode-jsonrpc "^4.1.0-next.3"
    vscode-languageserver-types "^3.15.0-next.4"

vscode-languageserver-types@^3.15.0-next.4:
  version "3.15.0-next.4"
  resolved "https://registry.yarnpkg.com/vscode-languageserver-types/-/vscode-languageserver-types-3.15.0-next.4.tgz#9aae49844ef826ae656382facecc20664113c060"
  integrity sha512-IKIWTdUPBnOtwznIrhxKnjVZ7hYxEzwZ3M2xmDi7OjjexuOM6LnGtoo1Dv4wYSik4epK4STEib6e8da2GxUsJA==

vscode-languageserver@^5.3.0-next:
  version "5.3.0-next.10"
  resolved "https://registry.yarnpkg.com/vscode-languageserver/-/vscode-languageserver-5.3.0-next.10.tgz#995fe8b57fc4eb9fea0d11762d3a803de4278995"
  integrity sha512-QL7Fe1FT6PdLtVzwJeZ78pTic4eZbzLRy7yAQgPb9xalqqgZESR0+yDZPwJrM3E7PzOmwHBceYcJR54eQZ7Kng==
  dependencies:
    vscode-languageserver-protocol "^3.15.0-next.8"
    vscode-textbuffer "^1.0.0"

vscode-textbuffer@^1.0.0:
  version "1.0.0"
  resolved "https://registry.yarnpkg.com/vscode-textbuffer/-/vscode-textbuffer-1.0.0.tgz#1faee638c8e0e4131c8d5c353993a1874acda086"
  integrity sha512-zPaHo4urgpwsm+PrJWfNakolRpryNja18SUip/qIIsfhuEqEIPEXMxHOlFPjvDC4JgTaimkncNW7UMXRJTY6ow==

vscode-uri@^1.0.5:
  version "1.0.6"
  resolved "https://registry.yarnpkg.com/vscode-uri/-/vscode-uri-1.0.6.tgz#6b8f141b0bbc44ad7b07e94f82f168ac7608ad4d"
  integrity sha512-sLI2L0uGov3wKVb9EB+vIQBl9tVP90nqRvxSoJ35vI3NjxE8jfsE5DSOhWgSunHSZmKS4OCi2jrtfxK7uyp2ww==
